
Microsoft Visual Studio Solution File, Format Version 12.00
# Visual Studio Version 16
VisualStudioVersion = 16.0.28922.388
MinimumVisualStudioVersion = 10.0.40219.1
Project("{FAE04EC0-301F-11D3-BF4B-00C04F79EFBC}") = "Calculator", "Calculator\Calculator.csproj", "{AAD7AADE-F91D-4D26-A223-4EDDB3C44A1B}"
EndProject
Global
	GlobalSection(SolutionConfigurationPlatforms) = preSolution
		Debug|Any CPU = Debug|Any CPU
		Release|Any CPU = Release|Any CPU
	EndGlobalSection
	GlobalSection(ProjectConfigurationPlatforms) = postSolution
		{AAD7AADE-F91D-4D26-A223-4EDDB3C44A1B}.Debug|Any CPU.ActiveCfg = Debug|Any CPU
		{AAD7AADE-F91D-4D26-A223-4EDDB3C44A1B}.Debug|Any CPU.Build.0 = Debug|Any CPU
		{AAD7AADE-F91D-4D26-A223-4EDDB3C44A1B}.Release|Any CPU.ActiveCfg = Release|Any CPU
		{AAD7AADE-F91D-4D26-A223-4EDDB3C44A1B}.Release|Any CPU.Build.0 = Release|Any CPU
	EndGlobalSection
	GlobalSection(SolutionProperties) = preSolution
		HideSolutionNode = FALSE
	EndGlobalSection
	GlobalSection(ExtensibilityGlobals) = postSolution
		SolutionGuid = {84F71746-7DE2-46AD-A517-997CCFA2FF5B}
	EndGlobalSection
EndGlobal
